github.com/askeladdk/httpsyhook v0.0.1 h1:mQJFaaw95A8CAJd1iXTBYoiXs9HoQS4Pimiw3W2scz0=
github.com/askeladdk/httpsyhook v0.0.1/go.mod h1:A1xFA75AHVPT3SGiic1NYsoXkQ+w0MUOsFypjNn8pHs=
github.com/askeladdk/httpsyproblem v0.0.5 h1:W9T1TaqFCKqwLR9qCS4+hrbf+Lw83WArGfw84BByZIU=
github.com/askeladdk/httpsyproblem v0.0.5/go.mod h1:FIwy3EogKGRKuNoMn5PtoqIqbNMGPhjgo3ZFa3rcTts=
