github.com/askeladdk/httpsyhook v0.0.1 h1:mQJFaaw95A8CAJd1iXTBYoiXs9HoQS4Pimiw3W2scz0=
github.com/askeladdk/httpsyhook v0.0.1/go.mod h1:A1xFA75AHVPT3SGiic1NYsoXkQ+w0MUOsFypjNn8pHs=
github.com/askeladdk/httpsyproblem v0.0.3 h1:/xcXiVAfg6FiaaR08igUQIP3zuvV9hPwJzFYVKvUimc=
github.com/askeladdk/httpsyproblem v0.0.3/go.mod h1:FIwy3EogKGRKuNoMn5PtoqIqbNMGPhjgo3ZFa3rcTts=
